github.com/BurntSushi/toml v0.3.1 h1:WXkYYl6Yr3qBf1K79EBnL4mak0OimBfB0XUf9Vl28OQ=
github.com/BurntSushi/toml v0.3.1/go.mod h1:xHWCNGjB5oqiDr8zfno3MHue2Ht5sIBksp03qcyfWMU=
github.com/emersion/go-sasl v0.0.0-20200509203442-7bfe0ed36a21 h1:OJyUGMJTzHTd1XQp98QTaHernxMYzRaOasRir9hUlFQ=
github.com/emersion/go-sasl v0.0.0-20200509203442-7bfe0ed36a21/go.mod h1:iL2twTeMvZnrg54ZoPDNfJaJaqy0xIQFuBdrLsmspwQ=
github.com/emersion/go-smtp v0.14.0 h1:RYW203p+EcPjL8Z/ZpT9lZ6iOc8MG1MQzEx1UKEkXlA=
github.com/emersion/go-smtp v0.14.0/go.mod h1:qm27SGYgoIPRot6ubfQ/GpiPy/g3PaZAVRxiO/sDUgQ=
github.com/emvi/logbuch v1.1.2 h1:uAHXXqEDboQmEFCNG7ZhCK7h6eMTVshvr6L0UrtC13w=
github.com/emvi/logbuch v1.1.2/go.mod h1:J2Wgbr3BuSc1JO+D2MBVh6q3WPVSK5GzktwWz8pvkKw=
github.com/google/uuid v1.2.0 h1:qJYtXnJRWmpe7m/3XlyhrsLrEURqHRM2kxzoxXqyUDs=
github.com/google/uuid v1.2.0/go.mod h1:TIyPZe4MgqvfeYDBFedMoGGpEw/LqOeaOT+nhxU+yHo=
github.com/jinzhu/configor v1.2.1 h1:OKk9dsR8i6HPOCZR8BcMtcEImAFjIhbJFZNyn5GCZko=
github.com/jinzhu/configor v1.2.1/go.mod h1:nX89/MOmDba7ZX7GCyU/VIaQ2Ar2aizBl2d3JLF/rDc=
github.com/julienschmidt/httprouter v1.3.0 h1:U0609e9tgbseu3rBINet9P48AI/D3oJs4dN7jwJOQ1U=
github.com/julienschmidt/httprouter v1.3.0/go.mod h1:JR6WtHb+2LUe8TCKY3cZOxFyyO8IZAc4RVcycCCAKdM=
github.com/justinas/alice v1.2.0 h1:+MHSA/vccVCF4Uq37S42jwlkvI2Xzl7zTPCN5BnZNVo=
github.com/justinas/alice v1.2.0/go.mod h1:fN5HRH/reO/zrUflLfTN43t3vXvKzvZIENsNEe7i7qA=
github.com/timshannon/bolthold v0.0.0-20200817130212-4a25ab140645 h1:fbG8rLkRTpKD2rWD/vtQ6ceXZcnDglJssBieaPvieHw=
github.com/timshannon/bolthold v0.0.0-20200817130212-4a25ab140645/go.mod h1:jUigdmrbdCxcIDEFrq82t4X9805XZfwFZoYUap0ET/U=
go.etcd.io/bbolt v1.3.5 h1:XAzx9gjCb0Rxj7EoqcClPD1d5ZBxZJk0jbuoPHenBt0=
go.etcd.io/bbolt v1.3.5/go.mod h1:G5EMThwa9y8QZGBClrRx5EY+Yw9kAhnjy3bSjsnlVTQ=
golang.org/x/crypto v0.0.0-20190308221718-c2843e01d9a2/go.mod h1:djNgcEr1/C05ACkg1iLfiJU5Ep61QUkGW8qpdssI0+w=
golang.org/x/crypto v0.0.0-20201221181555-eec23a3978ad h1:DN0cp81fZ3njFcrLCytUHRSUkqBjfTo4Tx9RJTWs0EY=
golang.org/x/crypto v0.0.0-20201221181555-eec23a3978ad/go.mod h1:jdWPYTVW3xRLrWPugEBEK3UY2ZEsg3UU495nc5E+M+I=
golang.org/x/net v0.0.0-20190404232315-eb5bcb51f2a3/go.mod h1:t9HGtf8HONx5eT2rtn7q6eTqICYqUVnKs3thJo3Qplg=
golang.org/x/sys v0.0.0-20190215142949-d0b11bdaac8a/go.mod h1:STP8DvDyc/dI5b8T5hshtkjS+E42TnysNCUPdjciGhY=
golang.org/x/sys v0.0.0-20191026070338-33540a1f6037/go.mod h1:h1NjWce9XRLGQEsW7wpKNCjG9DtNlClVuFLEZdDNbEs=
golang.org/x/sys v0.0.0-20200202164722-d101bd2416d5 h1:LfCXLvNmTYH9kEmVgqbnsWfruoXZIrh4YBgqVHtDvw0=
golang.org/x/sys v0.0.0-20200202164722-d101bd2416d5/go.mod h1:h1NjWce9XRLGQEsW7wpKNCjG9DtNlClVuFLEZdDNbEs=
golang.org/x/term v0.0.0-20201117132131-f5c789dd3221/go.mod h1:Nr5EML6q2oocZ2LXRh80K7BxOlk5/8JxuGnuhpl+muw=
golang.org/x/text v0.3.0/go.mod h1:NqM8EUOU14njkJ3fqMW+pc6Ldnwhi/IjpwHt7yyuwOQ=
gopkg.in/check.v1 v0.0.0-20161208181325-20d25e280405 h1:yhCVgyC4o1eVCa2tZl7eS0r+SDo693bJlVdllGtEeKM=
gopkg.in/check.v1 v0.0.0-20161208181325-20d25e280405/go.mod h1:Co6ibVJAznAaIkqp8huTwlJQCZ016jof/cbN4VW5Yz0=
gopkg.in/yaml.v2 v2.2.2 h1:ZCJp+EgiOT7lHqUV2J862kp8Qj64Jo6az82+3Td9dZw=
gopkg.in/yaml.v2 v2.2.2/go.mod h1:hI93XBmqTisBFMUTm0b8Fm+jr3Dg1NNxqwp+5A1VGuI=
